
Microsoft Visual Studio Solution File, Format Version 12.00
# Visual Studio 15
VisualStudioVersion = 15.0.26124.0
MinimumVisualStudioVersion = 15.0.26124.0
Project("{FAE04EC0-301F-11D3-BF4B-00C04F79EFBC}") = "SimpleChatSignalR", "src\SimpleChatSignalR\SimpleChatSignalR.csproj", "{4ECD82A3-12C2-451E-B912-54C49FAA1E0C}"
EndProject
Project("{FAE04EC0-301F-11D3-BF4B-00C04F79EFBC}") = "SimpleChatSignalR.UnitTests", "src\SimpleChatSignalR.UnitTests\SimpleChatSignalR.UnitTests.csproj", "{DDBE6AAF-86C2-44DA-B5B3-E578C3C7C6FC}"
EndProject
Global
	GlobalSection(SolutionConfigurationPlatforms) = preSolution
		Debug|Any CPU = Debug|Any CPU
		Debug|x64 = Debug|x64
		Debug|x86 = Debug|x86
		Release|Any CPU = Release|Any CPU
		Release|x64 = Release|x64
		Release|x86 = Release|x86
	EndGlobalSection
	GlobalSection(SolutionProperties) = preSolution
		HideSolutionNode = FALSE
	EndGlobalSection
	GlobalSection(ProjectConfigurationPlatforms) = postSolution
		{4ECD82A3-12C2-451E-B912-54C49FAA1E0C}.Debug|Any CPU.ActiveCfg = Debug|Any CPU
		{4ECD82A3-12C2-451E-B912-54C49FAA1E0C}.Debug|Any CPU.Build.0 = Debug|Any CPU
		{4ECD82A3-12C2-451E-B912-54C49FAA1E0C}.Debug|x64.ActiveCfg = Debug|Any CPU
		{4ECD82A3-12C2-451E-B912-54C49FAA1E0C}.Debug|x64.Build.0 = Debug|Any CPU
		{4ECD82A3-12C2-451E-B912-54C49FAA1E0C}.Debug|x86.ActiveCfg = Debug|Any CPU
		{4ECD82A3-12C2-451E-B912-54C49FAA1E0C}.Debug|x86.Build.0 = Debug|Any CPU
		{4ECD82A3-12C2-451E-B912-54C49FAA1E0C}.Release|Any CPU.ActiveCfg = Release|Any CPU
		{4ECD82A3-12C2-451E-B912-54C49FAA1E0C}.Release|Any CPU.Build.0 = Release|Any CPU
		{4ECD82A3-12C2-451E-B912-54C49FAA1E0C}.Release|x64.ActiveCfg = Release|Any CPU
		{4ECD82A3-12C2-451E-B912-54C49FAA1E0C}.Release|x64.Build.0 = Release|Any CPU
		{4ECD82A3-12C2-451E-B912-54C49FAA1E0C}.Release|x86.ActiveCfg = Release|Any CPU
		{4ECD82A3-12C2-451E-B912-54C49FAA1E0C}.Release|x86.Build.0 = Release|Any CPU
		{DDBE6AAF-86C2-44DA-B5B3-E578C3C7C6FC}.Debug|Any CPU.ActiveCfg = Debug|Any CPU
		{DDBE6AAF-86C2-44DA-B5B3-E578C3C7C6FC}.Debug|Any CPU.Build.0 = Debug|Any CPU
		{DDBE6AAF-86C2-44DA-B5B3-E578C3C7C6FC}.Debug|x64.ActiveCfg = Debug|Any CPU
		{DDBE6AAF-86C2-44DA-B5B3-E578C3C7C6FC}.Debug|x64.Build.0 = Debug|Any CPU
		{DDBE6AAF-86C2-44DA-B5B3-E578C3C7C6FC}.Debug|x86.ActiveCfg = Debug|Any CPU
		{DDBE6AAF-86C2-44DA-B5B3-E578C3C7C6FC}.Debug|x86.Build.0 = Debug|Any CPU
		{DDBE6AAF-86C2-44DA-B5B3-E578C3C7C6FC}.Release|Any CPU.ActiveCfg = Release|Any CPU
		{DDBE6AAF-86C2-44DA-B5B3-E578C3C7C6FC}.Release|Any CPU.Build.0 = Release|Any CPU
		{DDBE6AAF-86C2-44DA-B5B3-E578C3C7C6FC}.Release|x64.ActiveCfg = Release|Any CPU
		{DDBE6AAF-86C2-44DA-B5B3-E578C3C7C6FC}.Release|x64.Build.0 = Release|Any CPU
		{DDBE6AAF-86C2-44DA-B5B3-E578C3C7C6FC}.Release|x86.ActiveCfg = Release|Any CPU
		{DDBE6AAF-86C2-44DA-B5B3-E578C3C7C6FC}.Release|x86.Build.0 = Release|Any CPU
	EndGlobalSection
EndGlobal
